
Microsoft Visual Studio Solution File, Format Version 12.00
# Visual Studio 15
VisualStudioVersion = 15.0.27703.2026
MinimumVisualStudioVersion = 10.0.40219.1
Project("{FAE04EC0-301F-11D3-BF4B-00C04F79EFBC}") = "StockPortfolio", "StockPortfolio\StockPortfolio.csproj", "{724F2642-E4D1-4675-91AF-5E108ED0A458}"
EndProject
Global
	GlobalSection(SolutionConfigurationPlatforms) = preSolution
		Debug|Any CPU = Debug|Any CPU
		Release|Any CPU = Release|Any CPU
	EndGlobalSection
	GlobalSection(ProjectConfigurationPlatforms) = postSolution
		{724F2642-E4D1-4675-91AF-5E108ED0A458}.Debug|Any CPU.ActiveCfg = Debug|Any CPU
		{724F2642-E4D1-4675-91AF-5E108ED0A458}.Debug|Any CPU.Build.0 = Debug|Any CPU
		{724F2642-E4D1-4675-91AF-5E108ED0A458}.Release|Any CPU.ActiveCfg = Release|Any CPU
		{724F2642-E4D1-4675-91AF-5E108ED0A458}.Release|Any CPU.Build.0 = Release|Any CPU
	EndGlobalSection
	GlobalSection(SolutionProperties) = preSolution
		HideSolutionNode = FALSE
	EndGlobalSection
	GlobalSection(ExtensibilityGlobals) = postSolution
		SolutionGuid = {86F69E03-A895-419F-B99F-56D0E20E0E1D}
	EndGlobalSection
EndGlobal
